// !$*UTF8*$!
{
	archiveVersion = 1;
	classes = {
	};
	objectVersion = 55;
	objects = {

/* Begin PBXBuildFile section */
		B4838FFC29A7A69A00100C33 /* MultiViewStateApp.swift in Sources */ = {isa = PBXBuildFile; fileRef = B4838FFB29A7A69A00100C33 /* MultiViewStateApp.swift */; };
		B4838FFE29A7A69A00100C33 /* PlayerView.swift in Sources */ = {isa = PBXBuildFile; fileRef = B4838FFD29A7A69A00100C33 /* PlayerView.swift */; };
		B483900029A7A69C00100C33 /* Assets.xcassets in Resources */ = {isa = PBXBuildFile; fileRef = B4838FFF29A7A69C00100C33 /* Assets.xcassets */; };
		B483900329A7A69C00100C33 /* Preview Assets.xcassets in Resources */ = {isa = PBXBuildFile; fileRef = B483900229A7A69C00100C33 /* Preview Assets.xcassets */; };
		B483900A29A7A7C900100C33 /* FoodChoiceView.swift in Sources */ = {isa = PBXBuildFile; fileRef = B483900929A7A7C900100C33 /* FoodChoiceView.swift */; };
		B483900C29A7A86500100C33 /* GameTabView.swift in Sources */ = {isa = PBXBuildFile; fileRef = B483900B29A7A86500100C33 /* GameTabView.swift */; };
		B483900E29A7A89300100C33 /* LucrativeGameView.swift in Sources */ = {isa = PBXBuildFile; fileRef = B483900D29A7A89300100C33 /* LucrativeGameView.swift */; };
		B483901029A7A8A200100C33 /* PoorGameView.swift in Sources */ = {isa = PBXBuildFile; fileRef = B483900F29A7A8A200100C33 /* PoorGameView.swift */; };
		B483A5F229A7AC260075FE8F /* FoodChoice.swift in Sources */ = {isa = PBXBuildFile; fileRef = B483A5F129A7AC260075FE8F /* FoodChoice.swift */; };
		B483A5F429A7B7AC0075FE8F /* Stats.swift in Sources */ = {isa = PBXBuildFile; fileRef = B483A5F329A7B7AC0075FE8F /* Stats.swift */; };
		B4BA0EB729A7C0E10081AD0B /* Player.swift in Sources */ = {isa = PBXBuildFile; fileRef = B4BA0EB629A7C0E10081AD0B /* Player.swift */; };
/* End PBXBuildFile section */

/* Begin PBXFileReference section */
		B4838FF829A7A69A00100C33 /* MultiViewState.app */ = {isa = PBXFileReference; explicitFileType = wrapper.application; includeInIndex = 0; path = MultiViewState.app; sourceTree = BUILT_PRODUCTS_DIR; };
		B4838FFB29A7A69A00100C33 /* MultiViewStateApp.swift */ = {isa = PBXFileReference; lastKnownFileType = sourcecode.swift; path = MultiViewStateApp.swift; sourceTree = "<group>"; };
		B4838FFD29A7A69A00100C33 /* PlayerView.swift */ = {isa = PBXFileReference; lastKnownFileType = sourcecode.swift; path = PlayerView.swift; sourceTree = "<group>"; };
		B4838FFF29A7A69C00100C33 /* Assets.xcassets */ = {isa = PBXFileReference; lastKnownFileType = folder.assetcatalog; path = Assets.xcassets; sourceTree = "<group>"; };
		B483900229A7A69C00100C33 /* Preview Assets.xcassets */ = {isa = PBXFileReference; lastKnownFileType = folder.assetcatalog; path = "Preview Assets.xcassets"; sourceTree = "<group>"; };
		B483900929A7A7C900100C33 /* FoodChoiceView.swift */ = {isa = PBXFileReference; lastKnownFileType = sourcecode.swift; path = FoodChoiceView.swift; sourceTree = "<group>"; };
		B483900B29A7A86500100C33 /* GameTabView.swift */ = {isa = PBXFileReference; lastKnownFileType = sourcecode.swift; path = GameTabView.swift; sourceTree = "<group>"; };
		B483900D29A7A89300100C33 /* LucrativeGameView.swift */ = {isa = PBXFileReference; lastKnownFileType = sourcecode.swift; path = LucrativeGameView.swift; sourceTree = "<group>"; };
		B483900F29A7A8A200100C33 /* PoorGameView.swift */ = {isa = PBXFileReference; lastKnownFileType = sourcecode.swift; path = PoorGameView.swift; sourceTree = "<group>"; };
		B483A5F129A7AC260075FE8F /* FoodChoice.swift */ = {isa = PBXFileReference; lastKnownFileType = sourcecode.swift; path = FoodChoice.swift; sourceTree = "<group>"; };
		B483A5F329A7B7AC0075FE8F /* Stats.swift */ = {isa = PBXFileReference; lastKnownFileType = sourcecode.swift; path = Stats.swift; sourceTree = "<group>"; };
		B4BA0EB629A7C0E10081AD0B /* Player.swift */ = {isa = PBXFileReference; lastKnownFileType = sourcecode.swift; path = Player.swift; sourceTree = "<group>"; };
/* End PBXFileReference section */

/* Begin PBXFrameworksBuildPhase section */
		B4838FF529A7A69A00100C33 /* Frameworks */ = {
			isa = PBXFrameworksBuildPhase;
			buildActionMask = 2147483647;
			files = (
			);
			runOnlyForDeploymentPostprocessing = 0;
		};
/* End PBXFrameworksBuildPhase section */

/* Begin PBXGroup section */
		B4838FEF29A7A69A00100C33 = {
			isa = PBXGroup;
			children = (
				B4838FFA29A7A69A00100C33 /* MultiViewState */,
				B4838FF929A7A69A00100C33 /* Products */,
			);
			sourceTree = "<group>";
		};
		B4838FF929A7A69A00100C33 /* Products */ = {
			isa = PBXGroup;
			children = (
				B4838FF829A7A69A00100C33 /* MultiViewState.app */,
			);
			name = Products;
			sourceTree = "<group>";
		};
		B4838FFA29A7A69A00100C33 /* MultiViewState */ = {
			isa = PBXGroup;
			children = (
				B4838FFB29A7A69A00100C33 /* MultiViewStateApp.swift */,
				B4838FFD29A7A69A00100C33 /* PlayerView.swift */,
				B4838FFF29A7A69C00100C33 /* Assets.xcassets */,
				B483900129A7A69C00100C33 /* Preview Content */,
				B483900929A7A7C900100C33 /* FoodChoiceView.swift */,
				B483900B29A7A86500100C33 /* GameTabView.swift */,
				B483900D29A7A89300100C33 /* LucrativeGameView.swift */,
				B483900F29A7A8A200100C33 /* PoorGameView.swift */,
				B483A5F129A7AC260075FE8F /* FoodChoice.swift */,
				B483A5F329A7B7AC0075FE8F /* Stats.swift */,
				B4BA0EB629A7C0E10081AD0B /* Player.swift */,
			);
			path = MultiViewState;
			sourceTree = "<group>";
		};
		B483900129A7A69C00100C33 /* Preview Content */ = {
			isa = PBXGroup;
			children = (
				B483900229A7A69C00100C33 /* Preview Assets.xcassets */,
			);
			path = "Preview Content";
			sourceTree = "<group>";
		};
/* End PBXGroup section */

/* Begin PBXNativeTarget section */
		B4838FF729A7A69A00100C33 /* MultiViewState */ = {
			isa = PBXNativeTarget;
			buildConfigurationList = B483900629A7A69C00100C33 /* Build configuration list for PBXNativeTarget "MultiViewState" */;
			buildPhases = (
				B4838FF429A7A69A00100C33 /* Sources */,
				B4838FF529A7A69A00100C33 /* Frameworks */,
				B4838FF629A7A69A00100C33 /* Resources */,
			);
			buildRules = (
			);
			dependencies = (
			);
			name = MultiViewState;
			productName = MultiViewState;
			productReference = B4838FF829A7A69A00100C33 /* MultiViewState.app */;
			productType = "com.apple.product-type.application";
		};
/* End PBXNativeTarget section */

/* Begin PBXProject section */
		B4838FF029A7A69A00100C33 /* Project object */ = {
			isa = PBXProject;
			attributes = {
				BuildIndependentTargetsInParallel = 1;
				LastSwiftUpdateCheck = 1420;
				LastUpgradeCheck = 1420;
				TargetAttributes = {
					B4838FF729A7A69A00100C33 = {
						CreatedOnToolsVersion = 14.2;
					};
				};
			};
			buildConfigurationList = B4838FF329A7A69A00100C33 /* Build configuration list for PBXProject "MultiViewState" */;
			compatibilityVersion = "Xcode 13.0";
			developmentRegion = en;
			hasScannedForEncodings = 0;
			knownRegions = (
				en,
				Base,
			);
			mainGroup = B4838FEF29A7A69A00100C33;
			productRefGroup = B4838FF929A7A69A00100C33 /* Products */;
			projectDirPath = "";
			projectRoot = "";
			targets = (
				B4838FF729A7A69A00100C33 /* MultiViewState */,
			);
		};
/* End PBXProject section */

/* Begin PBXResourcesBuildPhase section */
		B4838FF629A7A69A00100C33 /* Resources */ = {
			isa = PBXResourcesBuildPhase;
			buildActionMask = 2147483647;
			files = (
				B483900329A7A69C00100C33 /* Preview Assets.xcassets in Resources */,
				B483900029A7A69C00100C33 /* Assets.xcassets in Resources */,
			);
			runOnlyForDeploymentPostprocessing = 0;
		};
/* End PBXResourcesBuildPhase section */

/* Begin PBXSourcesBuildPhase section */
		B4838FF429A7A69A00100C33 /* Sources */ = {
			isa = PBXSourcesBuildPhase;
			buildActionMask = 2147483647;
			files = (
				B483900E29A7A89300100C33 /* LucrativeGameView.swift in Sources */,
				B483900C29A7A86500100C33 /* GameTabView.swift in Sources */,
				B483A5F229A7AC260075FE8F /* FoodChoice.swift in Sources */,
				B483901029A7A8A200100C33 /* PoorGameView.swift in Sources */,
				B4838FFE29A7A69A00100C33 /* PlayerView.swift in Sources */,
				B483A5F429A7B7AC0075FE8F /* Stats.swift in Sources */,
				B483900A29A7A7C900100C33 /* FoodChoiceView.swift in Sources */,
				B4BA0EB729A7C0E10081AD0B /* Player.swift in Sources */,
				B4838FFC29A7A69A00100C33 /* MultiViewStateApp.swift in Sources */,
			);
			runOnlyForDeploymentPostprocessing = 0;
		};
/* End PBXSourcesBuildPhase section */

/* Begin XCBuildConfiguration section */
		B483900429A7A69C00100C33 /* Debug */ = {
			isa = XCBuildConfiguration;
			buildSettings = {
				ALWAYS_SEARCH_USER_PATHS = NO;
				CLANG_ANALYZER_NONNULL = YES;
				CLANG_ANALYZER_NUMBER_OBJECT_CONVERSION = YES_AGGRESSIVE;
				CLANG_CXX_LANGUAGE_STANDARD = "gnu++20";
				CLANG_ENABLE_MODULES = YES;
				CLANG_ENABLE_OBJC_ARC = YES;
				CLANG_ENABLE_OBJC_WEAK = YES;
				CLANG_WARN_BLOCK_CAPTURE_AUTORELEASING = YES;
				CLANG_WARN_BOOL_CONVERSION = YES;
				CLANG_WARN_COMMA = YES;
				CLANG_WARN_CONSTANT_CONVERSION = YES;
				CLANG_WARN_DEPRECATED_OBJC_IMPLEMENTATIONS = YES;
				CLANG_WARN_DIRECT_OBJC_ISA_USAGE = YES_ERROR;
				CLANG_WARN_DOCUMENTATION_COMMENTS = YES;
				CLANG_WARN_EMPTY_BODY = YES;
				CLANG_WARN_ENUM_CONVERSION = YES;
				CLANG_WARN_INFINITE_RECURSION = YES;
				CLANG_WARN_INT_CONVERSION = YES;
				CLANG_WARN_NON_LITERAL_NULL_CONVERSION = YES;
				CLANG_WARN_OBJC_IMPLICIT_RETAIN_SELF = YES;
				CLANG_WARN_OBJC_LITERAL_CONVERSION = YES;
				CLANG_WARN_OBJC_ROOT_CLASS = YES_ERROR;
				CLANG_WARN_QUOTED_INCLUDE_IN_FRAMEWORK_HEADER = YES;
				CLANG_WARN_RANGE_LOOP_ANALYSIS = YES;
				CLANG_WARN_STRICT_PROTOTYPES = YES;
				CLANG_WARN_SUSPICIOUS_MOVE = YES;
				CLANG_WARN_UNGUARDED_AVAILABILITY = YES_AGGRESSIVE;
				CLANG_WARN_UNREACHABLE_CODE = YES;
				CLANG_WARN__DUPLICATE_METHOD_MATCH = YES;
				COPY_PHASE_STRIP = NO;
				DEBUG_INFORMATION_FORMAT = dwarf;
				ENABLE_STRICT_OBJC_MSGSEND = YES;
				ENABLE_TESTABILITY = YES;
				GCC_C_LANGUAGE_STANDARD = gnu11;
				GCC_DYNAMIC_NO_PIC = NO;
				GCC_NO_COMMON_BLOCKS = YES;
				GCC_OPTIMIZATION_LEVEL = 0;
				GCC_PREPROCESSOR_DEFINITIONS = (
					"DEBUG=1",
					"$(inherited)",
				);
				GCC_WARN_64_TO_32_BIT_CONVERSION = YES;
				GCC_WARN_ABOUT_RETURN_TYPE = YES_ERROR;
				GCC_WARN_UNDECLARED_SELECTOR = YES;
				GCC_WARN_UNINITIALIZED_AUTOS = YES_AGGRESSIVE;
				GCC_WARN_UNUSED_FUNCTION = YES;
				GCC_WARN_UNUSED_VARIABLE = YES;
				IPHONEOS_DEPLOYMENT_TARGET = 15.0;
				MTL_ENABLE_DEBUG_INFO = INCLUDE_SOURCE;
				MTL_FAST_MATH = YES;
				ONLY_ACTIVE_ARCH = YES;
				SDKROOT = iphoneos;
				SWIFT_ACTIVE_COMPILATION_CONDITIONS = DEBUG;
				SWIFT_OPTIMIZATION_LEVEL = "-Onone";
			};
			name = Debug;
		};
		B483900529A7A69C00100C33 /* Release */ = {
			isa = XCBuildConfiguration;
			buildSettings = {
				ALWAYS_SEARCH_USER_PATHS = NO;
				CLANG_ANALYZER_NONNULL = YES;
				CLANG_ANALYZER_NUMBER_OBJECT_CONVERSION = YES_AGGRESSIVE;
				CLANG_CXX_LANGUAGE_STANDARD = "gnu++20";
				CLANG_ENABLE_MODULES = YES;
				CLANG_ENABLE_OBJC_ARC = YES;
				CLANG_ENABLE_OBJC_WEAK = YES;
				CLANG_WARN_BLOCK_CAPTURE_AUTORELEASING = YES;
				CLANG_WARN_BOOL_CONVERSION = YES;
				CLANG_WARN_COMMA = YES;
				CLANG_WARN_CONSTANT_CONVERSION = YES;
				CLANG_WARN_DEPRECATED_OBJC_IMPLEMENTATIONS = YES;
				CLANG_WARN_DIRECT_OBJC_ISA_USAGE = YES_ERROR;
				CLANG_WARN_DOCUMENTATION_COMMENTS = YES;
				CLANG_WARN_EMPTY_BODY = YES;
				CLANG_WARN_ENUM_CONVERSION = YES;
				CLANG_WARN_INFINITE_RECURSION = YES;
				CLANG_WARN_INT_CONVERSION = YES;
				CLANG_WARN_NON_LITERAL_NULL_CONVERSION = YES;
				CLANG_WARN_OBJC_IMPLICIT_RETAIN_SELF = YES;
				CLANG_WARN_OBJC_LITERAL_CONVERSION = YES;
				CLANG_WARN_OBJC_ROOT_CLASS = YES_ERROR;
				CLANG_WARN_QUOTED_INCLUDE_IN_FRAMEWORK_HEADER = YES;
				CLANG_WARN_RANGE_LOOP_ANALYSIS = YES;
				CLANG_WARN_STRICT_PROTOTYPES = YES;
				CLANG_WARN_SUSPICIOUS_MOVE = YES;
				CLANG_WARN_UNGUARDED_AVAILABILITY = YES_AGGRESSIVE;
				CLANG_WARN_UNREACHABLE_CODE = YES;
				CLANG_WARN__DUPLICATE_METHOD_MATCH = YES;
				COPY_PHASE_STRIP = NO;
				DEBUG_INFORMATION_FORMAT = "dwarf-with-dsym";
				ENABLE_NS_ASSERTIONS = NO;
				ENABLE_STRICT_OBJC_MSGSEND = YES;
				GCC_C_LANGUAGE_STANDARD = gnu11;
				GCC_NO_COMMON_BLOCKS = YES;
				GCC_WARN_64_TO_32_BIT_CONVERSION = YES;
				GCC_WARN_ABOUT_RETURN_TYPE = YES_ERROR;
				GCC_WARN_UNDECLARED_SELECTOR = YES;
				GCC_WARN_UNINITIALIZED_AUTOS = YES_AGGRESSIVE;
				GCC_WARN_UNUSED_FUNCTION = YES;
				GCC_WARN_UNUSED_VARIABLE = YES;
				IPHONEOS_DEPLOYMENT_TARGET = 15.0;
				MTL_ENABLE_DEBUG_INFO = NO;
				MTL_FAST_MATH = YES;
				SDKROOT = iphoneos;
				SWIFT_COMPILATION_MODE = wholemodule;
				SWIFT_OPTIMIZATION_LEVEL = "-O";
				VALIDATE_PRODUCT = YES;
			};
			name = Release;
		};
		B483900729A7A69C00100C33 /* Debug */ = {
			isa = XCBuildConfiguration;
			buildSettings = {
				ASSETCATALOG_COMPILER_APPICON_NAME = AppIcon;
				ASSETCATALOG_COMPILER_GLOBAL_ACCENT_COLOR_NAME = AccentColor;
				CODE_SIGN_STYLE = Automatic;
				CURRENT_PROJECT_VERSION = 1;
				DEVELOPMENT_ASSET_PATHS = "\"MultiViewState/Preview Content\"";
				DEVELOPMENT_TEAM = 599QPW35GD;
				ENABLE_PREVIEWS = YES;
				GENERATE_INFOPLIST_FILE = YES;
				INFOPLIST_KEY_UIApplicationSceneManifest_Generation = YES;
				INFOPLIST_KEY_UIApplicationSupportsIndirectInputEvents = YES;
				INFOPLIST_KEY_UILaunchScreen_Generation = YES;
				INFOPLIST_KEY_UISupportedInterfaceOrientations_iPad = "UIInterfaceOrientationPortrait UIInterfaceOrientationPortraitUpsideDown UIInterfaceOrientationLandscapeLeft UIInterfaceOrientationLandscapeRight";
				INFOPLIST_KEY_UISupportedInterfaceOrientations_iPhone = "UIInterfaceOrientationPortrait UIInterfaceOrientationLandscapeLeft UIInterfaceOrientationLandscapeRight";
				IPHONEOS_DEPLOYMENT_TARGET = 15.0;
				LD_RUNPATH_SEARCH_PATHS = (
					"$(inherited)",
					"@executable_path/Frameworks",
				);
				MARKETING_VERSION = 1.0;
				PRODUCT_BUNDLE_IDENTIFIER = com.mrcormell.MultiViewState;
				PRODUCT_NAME = "$(TARGET_NAME)";
				SWIFT_EMIT_LOC_STRINGS = YES;
				SWIFT_VERSION = 5.0;
				TARGETED_DEVICE_FAMILY = "1,2";
			};
			name = Debug;
		};
		B483900829A7A69C00100C33 /* Release */ = {
			isa = XCBuildConfiguration;
			buildSettings = {
				ASSETCATALOG_COMPILER_APPICON_NAME = AppIcon;
				ASSETCATALOG_COMPILER_GLOBAL_ACCENT_COLOR_NAME = AccentColor;
				CODE_SIGN_STYLE = Automatic;
				CURRENT_PROJECT_VERSION = 1;
				DEVELOPMENT_ASSET_PATHS = "\"MultiViewState/Preview Content\"";
				DEVELOPMENT_TEAM = 599QPW35GD;
				ENABLE_PREVIEWS = YES;
				GENERATE_INFOPLIST_FILE = YES;
				INFOPLIST_KEY_UIApplicationSceneManifest_Generation = YES;
				INFOPLIST_KEY_UIApplicationSupportsIndirectInputEvents = YES;
				INFOPLIST_KEY_UILaunchScreen_Generation = YES;
				INFOPLIST_KEY_UISupportedInterfaceOrientations_iPad = "UIInterfaceOrientationPortrait UIInterfaceOrientationPortraitUpsideDown UIInterfaceOrientationLandscapeLeft UIInterfaceOrientationLandscapeRight";
				INFOPLIST_KEY_UISupportedInterfaceOrientations_iPhone = "UIInterfaceOrientationPortrait UIInterfaceOrientationLandscapeLeft UIInterfaceOrientationLandscapeRight";
				IPHONEOS_DEPLOYMENT_TARGET = 15.0;
				LD_RUNPATH_SEARCH_PATHS = (
					"$(inherited)",
					"@executable_path/Frameworks",
				);
				MARKETING_VERSION = 1.0;
				PRODUCT_BUNDLE_IDENTIFIER = com.mrcormell.MultiViewState;
				PRODUCT_NAME = "$(TARGET_NAME)";
				SWIFT_EMIT_LOC_STRINGS = YES;
				SWIFT_VERSION = 5.0;
				TARGETED_DEVICE_FAMILY = "1,2";
			};
			name = Release;
		};
/* End XCBuildConfiguration section */

/* Begin XCConfigurationList section */
		B4838FF329A7A69A00100C33 /* Build configuration list for PBXProject "MultiViewState" */ = {
			isa = XCConfigurationList;
			buildConfigurations = (
				B483900429A7A69C00100C33 /* Debug */,
				B483900529A7A69C00100C33 /* Release */,
			);
			defaultConfigurationIsVisible = 0;
			defaultConfigurationName = Release;
		};
		B483900629A7A69C00100C33 /* Build configuration list for PBXNativeTarget "MultiViewState" */ = {
			isa = XCConfigurationList;
			buildConfigurations = (
				B483900729A7A69C00100C33 /* Debug */,
				B483900829A7A69C00100C33 /* Release */,
			);
			defaultConfigurationIsVisible = 0;
			defaultConfigurationName = Release;
		};
/* End XCConfigurationList section */
	};
	rootObject = B4838FF029A7A69A00100C33 /* Project object */;
}
